// !$*UTF8*$!
{
	archiveVersion = 1;
	classes = {
	};
	objectVersion = 46;
	objects = {

/* Begin PBXBuildFile section */
		2C00B13D1D3E11ED0031E217 /* main.m in Sources */ = {isa = PBXBuildFile; fileRef = 2C00B13C1D3E11ED0031E217 /* main.m */; };
		2C00B1401D3E11ED0031E217 /* AppDelegate.m in Sources */ = {isa = PBXBuildFile; fileRef = 2C00B13F1D3E11ED0031E217 /* AppDelegate.m */; };
		2C00B1431D3E11ED0031E217 /* ViewController.m in Sources */ = {isa = PBXBuildFile; fileRef = 2C00B1421D3E11ED0031E217 /* ViewController.m */; };
		2C00B1461D3E11ED0031E217 /* Main.storyboard in Resources */ = {isa = PBXBuildFile; fileRef = 2C00B1441D3E11ED0031E217 /* Main.storyboard */; };
		2C00B1481D3E11ED0031E217 /* Assets.xcassets in Resources */ = {isa = PBXBuildFile; fileRef = 2C00B1471D3E11ED0031E217 /* Assets.xcassets */; };
		2C00B14B1D3E11ED0031E217 /* LaunchScreen.storyboard in Resources */ = {isa = PBXBuildFile; fileRef = 2C00B1491D3E11ED0031E217 /* LaunchScreen.storyboard */; };
		2C00B1561D3E11ED0031E217 /* WaterWaveTests.m in Sources */ = {isa = PBXBuildFile; fileRef = 2C00B1551D3E11ED0031E217 /* WaterWaveTests.m */; };
		2C00B1611D3E11ED0031E217 /* WaterWaveUITests.m in Sources */ = {isa = PBXBuildFile; fileRef = 2C00B1601D3E11ED0031E217 /* WaterWaveUITests.m */; };
		2C00B1701D3E12050031E217 /* DYWaterWaveView.m in Sources */ = {isa = PBXBuildFile; fileRef = 2C00B16F1D3E12050031E217 /* DYWaterWaveView.m */; };
/* End PBXBuildFile section */

/* Begin PBXContainerItemProxy section */
		2C00B1521D3E11ED0031E217 /* PBXContainerItemProxy */ = {
			isa = PBXContainerItemProxy;
			containerPortal = 2C00B1301D3E11ED0031E217 /* Project object */;
			proxyType = 1;
			remoteGlobalIDString = 2C00B1371D3E11ED0031E217;
			remoteInfo = WaterWave;
		};
		2C00B15D1D3E11ED0031E217 /* PBXContainerItemProxy */ = {
			isa = PBXContainerItemProxy;
			containerPortal = 2C00B1301D3E11ED0031E217 /* Project object */;
			proxyType = 1;
			remoteGlobalIDString = 2C00B1371D3E11ED0031E217;
			remoteInfo = WaterWave;
		};
/* End PBXContainerItemProxy section */

/* Begin PBXFileReference section */
		2C00B1381D3E11ED0031E217 /* WaterWave.app */ = {isa = PBXFileReference; explicitFileType = wrapper.application; includeInIndex = 0; path = WaterWave.app; sourceTree = BUILT_PRODUCTS_DIR; };
		2C00B13C1D3E11ED0031E217 /* main.m */ = {isa = PBXFileReference; lastKnownFileType = sourcecode.c.objc; path = main.m; sourceTree = "<group>"; };
		2C00B13E1D3E11ED0031E217 /* AppDelegate.h */ = {isa = PBXFileReference; lastKnownFileType = sourcecode.c.h; path = AppDelegate.h; sourceTree = "<group>"; };
		2C00B13F1D3E11ED0031E217 /* AppDelegate.m */ = {isa = PBXFileReference; lastKnownFileType = sourcecode.c.objc; path = AppDelegate.m; sourceTree = "<group>"; };
		2C00B1411D3E11ED0031E217 /* ViewController.h */ = {isa = PBXFileReference; lastKnownFileType = sourcecode.c.h; path = ViewController.h; sourceTree = "<group>"; };
		2C00B1421D3E11ED0031E217 /* ViewController.m */ = {isa = PBXFileReference; lastKnownFileType = sourcecode.c.objc; path = ViewController.m; sourceTree = "<group>"; };
		2C00B1451D3E11ED0031E217 /* Base */ = {isa = PBXFileReference; lastKnownFileType = file.storyboard; name = Base; path = Base.lproj/Main.storyboard; sourceTree = "<group>"; };
		2C00B1471D3E11ED0031E217 /* Assets.xcassets */ = {isa = PBXFileReference; lastKnownFileType = folder.assetcatalog; path = Assets.xcassets; sourceTree = "<group>"; };
		2C00B14A1D3E11ED0031E217 /* Base */ = {isa = PBXFileReference; lastKnownFileType = file.storyboard; name = Base; path = Base.lproj/LaunchScreen.storyboard; sourceTree = "<group>"; };
		2C00B14C1D3E11ED0031E217 /* Info.plist */ = {isa = PBXFileReference; lastKnownFileType = text.plist.xml; path = Info.plist; sourceTree = "<group>"; };
		2C00B1511D3E11ED0031E217 /* WaterWaveTests.xctest */ = {isa = PBXFileReference; explicitFileType = wrapper.cfbundle; includeInIndex = 0; path = WaterWaveTests.xctest; sourceTree = BUILT_PRODUCTS_DIR; };
		2C00B1551D3E11ED0031E217 /* WaterWaveTests.m */ = {isa = PBXFileReference; lastKnownFileType = sourcecode.c.objc; path = WaterWaveTests.m; sourceTree = "<group>"; };
		2C00B1571D3E11ED0031E217 /* Info.plist */ = {isa = PBXFileReference; lastKnownFileType = text.plist.xml; path = Info.plist; sourceTree = "<group>"; };
		2C00B15C1D3E11ED0031E217 /* WaterWaveUITests.xctest */ = {isa = PBXFileReference; explicitFileType = wrapper.cfbundle; includeInIndex = 0; path = WaterWaveUITests.xctest; sourceTree = BUILT_PRODUCTS_DIR; };
		2C00B1601D3E11ED0031E217 /* WaterWaveUITests.m */ = {isa = PBXFileReference; lastKnownFileType = sourcecode.c.objc; path = WaterWaveUITests.m; sourceTree = "<group>"; };
		2C00B1621D3E11ED0031E217 /* Info.plist */ = {isa = PBXFileReference; lastKnownFileType = text.plist.xml; path = Info.plist; sourceTree = "<group>"; };
		2C00B16E1D3E12050031E217 /* DYWaterWaveView.h */ = {isa = PBXFileReference; fileEncoding = 4; lastKnownFileType = sourcecode.c.h; path = DYWaterWaveView.h; sourceTree = "<group>"; };
		2C00B16F1D3E12050031E217 /* DYWaterWaveView.m */ = {isa = PBXFileReference; fileEncoding = 4; lastKnownFileType = sourcecode.c.objc; path = DYWaterWaveView.m; sourceTree = "<group>"; };
/* End PBXFileReference section */

/* Begin PBXFrameworksBuildPhase section */
		2C00B1351D3E11ED0031E217 /* Frameworks */ = {
			isa = PBXFrameworksBuildPhase;
			buildActionMask = 2147483647;
			files = (
			);
			runOnlyForDeploymentPostprocessing = 0;
		};
		2C00B14E1D3E11ED0031E217 /* Frameworks */ = {
			isa = PBXFrameworksBuildPhase;
			buildActionMask = 2147483647;
			files = (
			);
			runOnlyForDeploymentPostprocessing = 0;
		};
		2C00B1591D3E11ED0031E217 /* Frameworks */ = {
			isa = PBXFrameworksBuildPhase;
			buildActionMask = 2147483647;
			files = (
			);
			runOnlyForDeploymentPostprocessing = 0;
		};
/* End PBXFrameworksBuildPhase section */

/* Begin PBXGroup section */
		2C00B12F1D3E11ED0031E217 = {
			isa = PBXGroup;
			children = (
				2C00B13A1D3E11ED0031E217 /* WaterWave */,
				2C00B1541D3E11ED0031E217 /* WaterWaveTests */,
				2C00B15F1D3E11ED0031E217 /* WaterWaveUITests */,
				2C00B1391D3E11ED0031E217 /* Products */,
			);
			sourceTree = "<group>";
		};
		2C00B1391D3E11ED0031E217 /* Products */ = {
			isa = PBXGroup;
			children = (
				2C00B1381D3E11ED0031E217 /* WaterWave.app */,
				2C00B1511D3E11ED0031E217 /* WaterWaveTests.xctest */,
				2C00B15C1D3E11ED0031E217 /* WaterWaveUITests.xctest */,
			);
			name = Products;
			sourceTree = "<group>";
		};
		2C00B13A1D3E11ED0031E217 /* WaterWave */ = {
			isa = PBXGroup;
			children = (
				2C00B13E1D3E11ED0031E217 /* AppDelegate.h */,
				2C00B13F1D3E11ED0031E217 /* AppDelegate.m */,
				2C00B1411D3E11ED0031E217 /* ViewController.h */,
				2C00B1421D3E11ED0031E217 /* ViewController.m */,
				2C00B16E1D3E12050031E217 /* DYWaterWaveView.h */,
				2C00B16F1D3E12050031E217 /* DYWaterWaveView.m */,
				2C00B1441D3E11ED0031E217 /* Main.storyboard */,
				2C00B1471D3E11ED0031E217 /* Assets.xcassets */,
				2C00B1491D3E11ED0031E217 /* LaunchScreen.storyboard */,
				2C00B14C1D3E11ED0031E217 /* Info.plist */,
				2C00B13B1D3E11ED0031E217 /* Supporting Files */,
			);
			path = WaterWave;
			sourceTree = "<group>";
		};
		2C00B13B1D3E11ED0031E217 /* Supporting Files */ = {
			isa = PBXGroup;
			children = (
				2C00B13C1D3E11ED0031E217 /* main.m */,
			);
			name = "Supporting Files";
			sourceTree = "<group>";
		};
		2C00B1541D3E11ED0031E217 /* WaterWaveTests */ = {
			isa = PBXGroup;
			children = (
				2C00B1551D3E11ED0031E217 /* WaterWaveTests.m */,
				2C00B1571D3E11ED0031E217 /* Info.plist */,
			);
			path = WaterWaveTests;
			sourceTree = "<group>";
		};
		2C00B15F1D3E11ED0031E217 /* WaterWaveUITests */ = {
			isa = PBXGroup;
			children = (
				2C00B1601D3E11ED0031E217 /* WaterWaveUITests.m */,
				2C00B1621D3E11ED0031E217 /* Info.plist */,
			);
			path = WaterWaveUITests;
			sourceTree = "<group>";
		};
/* End PBXGroup section */

/* Begin PBXNativeTarget section */
		2C00B1371D3E11ED0031E217 /* WaterWave */ = {
			isa = PBXNativeTarget;
			buildConfigurationList = 2C00B1651D3E11ED0031E217 /* Build configuration list for PBXNativeTarget "WaterWave" */;
			buildPhases = (
				2C00B1341D3E11ED0031E217 /* Sources */,
				2C00B1351D3E11ED0031E217 /* Frameworks */,
				2C00B1361D3E11ED0031E217 /* Resources */,
			);
			buildRules = (
			);
			dependencies = (
			);
			name = WaterWave;
			productName = WaterWave;
			productReference = 2C00B1381D3E11ED0031E217 /* WaterWave.app */;
			productType = "com.apple.product-type.application";
		};
		2C00B1501D3E11ED0031E217 /* WaterWaveTests */ = {
			isa = PBXNativeTarget;
			buildConfigurationList = 2C00B1681D3E11ED0031E217 /* Build configuration list for PBXNativeTarget "WaterWaveTests" */;
			buildPhases = (
				2C00B14D1D3E11ED0031E217 /* Sources */,
				2C00B14E1D3E11ED0031E217 /* Frameworks */,
				2C00B14F1D3E11ED0031E217 /* Resources */,
			);
			buildRules = (
			);
			dependencies = (
				2C00B1531D3E11ED0031E217 /* PBXTargetDependency */,
			);
			name = WaterWaveTests;
			productName = WaterWaveTests;
			productReference = 2C00B1511D3E11ED0031E217 /* WaterWaveTests.xctest */;
			productType = "com.apple.product-type.bundle.unit-test";
		};
		2C00B15B1D3E11ED0031E217 /* WaterWaveUITests */ = {
			isa = PBXNativeTarget;
			buildConfigurationList = 2C00B16B1D3E11ED0031E217 /* Build configuration list for PBXNativeTarget "WaterWaveUITests" */;
			buildPhases = (
				2C00B1581D3E11ED0031E217 /* Sources */,
				2C00B1591D3E11ED0031E217 /* Frameworks */,
				2C00B15A1D3E11ED0031E217 /* Resources */,
			);
			buildRules = (
			);
			dependencies = (
				2C00B15E1D3E11ED0031E217 /* PBXTargetDependency */,
			);
			name = WaterWaveUITests;
			productName = WaterWaveUITests;
			productReference = 2C00B15C1D3E11ED0031E217 /* WaterWaveUITests.xctest */;
			productType = "com.apple.product-type.bundle.ui-testing";
		};
/* End PBXNativeTarget section */

/* Begin PBXProject section */
		2C00B1301D3E11ED0031E217 /* Project object */ = {
			isa = PBXProject;
			attributes = {
				LastUpgradeCheck = 0730;
				ORGANIZATIONNAME = "杜宇";
				TargetAttributes = {
					2C00B1371D3E11ED0031E217 = {
						CreatedOnToolsVersion = 7.3;
					};
					2C00B1501D3E11ED0031E217 = {
						CreatedOnToolsVersion = 7.3;
						TestTargetID = 2C00B1371D3E11ED0031E217;
					};
					2C00B15B1D3E11ED0031E217 = {
						CreatedOnToolsVersion = 7.3;
						TestTargetID = 2C00B1371D3E11ED0031E217;
					};
				};
			};
			buildConfigurationList = 2C00B1331D3E11ED0031E217 /* Build configuration list for PBXProject "WaterWave" */;
			compatibilityVersion = "Xcode 3.2";
			developmentRegion = English;
			hasScannedForEncodings = 0;
			knownRegions = (
				en,
				Base,
			);
			mainGroup = 2C00B12F1D3E11ED0031E217;
			productRefGroup = 2C00B1391D3E11ED0031E217 /* Products */;
			projectDirPath = "";
			projectRoot = "";
			targets = (
				2C00B1371D3E11ED0031E217 /* WaterWave */,
				2C00B1501D3E11ED0031E217 /* WaterWaveTests */,
				2C00B15B1D3E11ED0031E217 /* WaterWaveUITests */,
			);
		};
/* End PBXProject section */

/* Begin PBXResourcesBuildPhase section */
		2C00B1361D3E11ED0031E217 /* Resources */ = {
			isa = PBXResourcesBuildPhase;
			buildActionMask = 2147483647;
			files = (
				2C00B14B1D3E11ED0031E217 /* LaunchScreen.storyboard in Resources */,
				2C00B1481D3E11ED0031E217 /* Assets.xcassets in Resources */,
				2C00B1461D3E11ED0031E217 /* Main.storyboard in Resources */,
			);
			runOnlyForDeploymentPostprocessing = 0;
		};
		2C00B14F1D3E11ED0031E217 /* Resources */ = {
			isa = PBXResourcesBuildPhase;
			buildActionMask = 2147483647;
			files = (
			);
			runOnlyForDeploymentPostprocessing = 0;
		};
		2C00B15A1D3E11ED0031E217 /* Resources */ = {
			isa = PBXResourcesBuildPhase;
			buildActionMask = 2147483647;
			files = (
			);
			runOnlyForDeploymentPostprocessing = 0;
		};
/* End PBXResourcesBuildPhase section */

/* Begin PBXSourcesBuildPhase section */
		2C00B1341D3E11ED0031E217 /* Sources */ = {
			isa = PBXSourcesBuildPhase;
			buildActionMask = 2147483647;
			files = (
				2C00B1431D3E11ED0031E217 /* ViewController.m in Sources */,
				2C00B1401D3E11ED0031E217 /* AppDelegate.m in Sources */,
				2C00B13D1D3E11ED0031E217 /* main.m in Sources */,
				2C00B1701D3E12050031E217 /* DYWaterWaveView.m in Sources */,
			);
			runOnlyForDeploymentPostprocessing = 0;
		};
		2C00B14D1D3E11ED0031E217 /* Sources */ = {
			isa = PBXSourcesBuildPhase;
			buildActionMask = 2147483647;
			files = (
				2C00B1561D3E11ED0031E217 /* WaterWaveTests.m in Sources */,
			);
			runOnlyForDeploymentPostprocessing = 0;
		};
		2C00B1581D3E11ED0031E217 /* Sources */ = {
			isa = PBXSourcesBuildPhase;
			buildActionMask = 2147483647;
			files = (
				2C00B1611D3E11ED0031E217 /* WaterWaveUITests.m in Sources */,
			);
			runOnlyForDeploymentPostprocessing = 0;
		};
/* End PBXSourcesBuildPhase section */

/* Begin PBXTargetDependency section */
		2C00B1531D3E11ED0031E217 /* PBXTargetDependency */ = {
			isa = PBXTargetDependency;
			target = 2C00B1371D3E11ED0031E217 /* WaterWave */;
			targetProxy = 2C00B1521D3E11ED0031E217 /* PBXContainerItemProxy */;
		};
		2C00B15E1D3E11ED0031E217 /* PBXTargetDependency */ = {
			isa = PBXTargetDependency;
			target = 2C00B1371D3E11ED0031E217 /* WaterWave */;
			targetProxy = 2C00B15D1D3E11ED0031E217 /* PBXContainerItemProxy */;
		};
/* End PBXTargetDependency section */

/* Begin PBXVariantGroup section */
		2C00B1441D3E11ED0031E217 /* Main.storyboard */ = {
			isa = PBXVariantGroup;
			children = (
				2C00B1451D3E11ED0031E217 /* Base */,
			);
			name = Main.storyboard;
			sourceTree = "<group>";
		};
		2C00B1491D3E11ED0031E217 /* LaunchScreen.storyboard */ = {
			isa = PBXVariantGroup;
			children = (
				2C00B14A1D3E11ED0031E217 /* Base */,
			);
			name = LaunchScreen.storyboard;
			sourceTree = "<group>";
		};
/* End PBXVariantGroup section */

/* Begin XCBuildConfiguration section */
		2C00B1631D3E11ED0031E217 /* Debug */ = {
			isa = XCBuildConfiguration;
			buildSettings = {
				ALWAYS_SEARCH_USER_PATHS = NO;
				CLANG_ANALYZER_NONNULL = YES;
				CLANG_CXX_LANGUAGE_STANDARD = "gnu++0x";
				CLANG_CXX_LIBRARY = "libc++";
				CLANG_ENABLE_MODULES = YES;
				CLANG_ENABLE_OBJC_ARC = YES;
				CLANG_WARN_BOOL_CONVERSION = YES;
				CLANG_WARN_CONSTANT_CONVERSION = YES;
				CLANG_WARN_DIRECT_OBJC_ISA_USAGE = YES_ERROR;
				CLANG_WARN_EMPTY_BODY = YES;
				CLANG_WARN_ENUM_CONVERSION = YES;
				CLANG_WARN_INT_CONVERSION = YES;
				CLANG_WARN_OBJC_ROOT_CLASS = YES_ERROR;
				CLANG_WARN_UNREACHABLE_CODE = YES;
				CLANG_WARN__DUPLICATE_METHOD_MATCH = YES;
				"CODE_SIGN_IDENTITY[sdk=iphoneos*]" = "iPhone Developer";
				COPY_PHASE_STRIP = NO;
				DEBUG_INFORMATION_FORMAT = dwarf;
				ENABLE_STRICT_OBJC_MSGSEND = YES;
				ENABLE_TESTABILITY = YES;
				GCC_C_LANGUAGE_STANDARD = gnu99;
				GCC_DYNAMIC_NO_PIC = NO;
				GCC_NO_COMMON_BLOCKS = YES;
				GCC_OPTIMIZATION_LEVEL = 0;
				GCC_PREPROCESSOR_DEFINITIONS = (
					"DEBUG=1",
					"$(inherited)",
				);
				GCC_WARN_64_TO_32_BIT_CONVERSION = YES;
				GCC_WARN_ABOUT_RETURN_TYPE = YES_ERROR;
				GCC_WARN_UNDECLARED_SELECTOR = YES;
				GCC_WARN_UNINITIALIZED_AUTOS = YES_AGGRESSIVE;
				GCC_WARN_UNUSED_FUNCTION = YES;
				GCC_WARN_UNUSED_VARIABLE = YES;
				IPHONEOS_DEPLOYMENT_TARGET = 9.3;
				MTL_ENABLE_DEBUG_INFO = YES;
				ONLY_ACTIVE_ARCH = YES;
				SDKROOT = iphoneos;
				TARGETED_DEVICE_FAMILY = "1,2";
			};
			name = Debug;
		};
		2C00B1641D3E11ED0031E217 /* Release */ = {
			isa = XCBuildConfiguration;
			buildSettings = {
				ALWAYS_SEARCH_USER_PATHS = NO;
				CLANG_ANALYZER_NONNULL = YES;
				CLANG_CXX_LANGUAGE_STANDARD = "gnu++0x";
				CLANG_CXX_LIBRARY = "libc++";
				CLANG_ENABLE_MODULES = YES;
				CLANG_ENABLE_OBJC_ARC = YES;
				CLANG_WARN_BOOL_CONVERSION = YES;
				CLANG_WARN_CONSTANT_CONVERSION = YES;
				CLANG_WARN_DIRECT_OBJC_ISA_USAGE = YES_ERROR;
				CLANG_WARN_EMPTY_BODY = YES;
				CLANG_WARN_ENUM_CONVERSION = YES;
				CLANG_WARN_INT_CONVERSION = YES;
				CLANG_WARN_OBJC_ROOT_CLASS = YES_ERROR;
				CLANG_WARN_UNREACHABLE_CODE = YES;
				CLANG_WARN__DUPLICATE_METHOD_MATCH = YES;
				"CODE_SIGN_IDENTITY[sdk=iphoneos*]" = "iPhone Developer";
				COPY_PHASE_STRIP = NO;
				DEBUG_INFORMATION_FORMAT = "dwarf-with-dsym";
				ENABLE_NS_ASSERTIONS = NO;
				ENABLE_STRICT_OBJC_MSGSEND = YES;
				GCC_C_LANGUAGE_STANDARD = gnu99;
				GCC_NO_COMMON_BLOCKS = YES;
				GCC_WARN_64_TO_32_BIT_CONVERSION = YES;
				GCC_WARN_ABOUT_RETURN_TYPE = YES_ERROR;
				GCC_WARN_UNDECLARED_SELECTOR = YES;
				GCC_WARN_UNINITIALIZED_AUTOS = YES_AGGRESSIVE;
				GCC_WARN_UNUSED_FUNCTION = YES;
				GCC_WARN_UNUSED_VARIABLE = YES;
				IPHONEOS_DEPLOYMENT_TARGET = 9.3;
				MTL_ENABLE_DEBUG_INFO = NO;
				SDKROOT = iphoneos;
				TARGETED_DEVICE_FAMILY = "1,2";
				VALIDATE_PRODUCT = YES;
			};
			name = Release;
		};
		2C00B1661D3E11ED0031E217 /* Debug */ = {
			isa = XCBuildConfiguration;
			buildSettings = {
				ASSETCATALOG_COMPILER_APPICON_NAME = AppIcon;
				INFOPLIST_FILE = WaterWave/Info.plist;
				LD_RUNPATH_SEARCH_PATHS = "$(inherited) @executable_path/Frameworks";
				PRODUCT_BUNDLE_IDENTIFIER = com.duyu.WaterWave;
				PRODUCT_NAME = "$(TARGET_NAME)";
			};
			name = Debug;
		};
		2C00B1671D3E11ED0031E217 /* Release */ = {
			isa = XCBuildConfiguration;
			buildSettings = {
				ASSETCATALOG_COMPILER_APPICON_NAME = AppIcon;
				INFOPLIST_FILE = WaterWave/Info.plist;
				LD_RUNPATH_SEARCH_PATHS = "$(inherited) @executable_path/Frameworks";
				PRODUCT_BUNDLE_IDENTIFIER = com.duyu.WaterWave;
				PRODUCT_NAME = "$(TARGET_NAME)";
			};
			name = Release;
		};
		2C00B1691D3E11ED0031E217 /* Debug */ = {
			isa = XCBuildConfiguration;
			buildSettings = {
				BUNDLE_LOADER = "$(TEST_HOST)";
				INFOPLIST_FILE = WaterWaveTests/Info.plist;
				LD_RUNPATH_SEARCH_PATHS = "$(inherited) @executable_path/Frameworks @loader_path/Frameworks";
				PRODUCT_BUNDLE_IDENTIFIER = com.duyu.WaterWaveTests;
				PRODUCT_NAME = "$(TARGET_NAME)";
				TEST_HOST = "$(BUILT_PRODUCTS_DIR)/WaterWave.app/WaterWave";
			};
			name = Debug;
		};
		2C00B16A1D3E11ED0031E217 /* Release */ = {
			isa = XCBuildConfiguration;
			buildSettings = {
				BUNDLE_LOADER = "$(TEST_HOST)";
				INFOPLIST_FILE = WaterWaveTests/Info.plist;
				LD_RUNPATH_SEARCH_PATHS = "$(inherited) @executable_path/Frameworks @loader_path/Frameworks";
				PRODUCT_BUNDLE_IDENTIFIER = com.duyu.WaterWaveTests;
				PRODUCT_NAME = "$(TARGET_NAME)";
				TEST_HOST = "$(BUILT_PRODUCTS_DIR)/WaterWave.app/WaterWave";
			};
			name = Release;
		};
		2C00B16C1D3E11ED0031E217 /* Debug */ = {
			isa = XCBuildConfiguration;
			buildSettings = {
				INFOPLIST_FILE = WaterWaveUITests/Info.plist;
				LD_RUNPATH_SEARCH_PATHS = "$(inherited) @executable_path/Frameworks @loader_path/Frameworks";
				PRODUCT_BUNDLE_IDENTIFIER = com.duyu.WaterWaveUITests;
				PRODUCT_NAME = "$(TARGET_NAME)";
				TEST_TARGET_NAME = WaterWave;
			};
			name = Debug;
		};
		2C00B16D1D3E11ED0031E217 /* Release */ = {
			isa = XCBuildConfiguration;
			buildSettings = {
				INFOPLIST_FILE = WaterWaveUITests/Info.plist;
				LD_RUNPATH_SEARCH_PATHS = "$(inherited) @executable_path/Frameworks @loader_path/Frameworks";
				PRODUCT_BUNDLE_IDENTIFIER = com.duyu.WaterWaveUITests;
				PRODUCT_NAME = "$(TARGET_NAME)";
				TEST_TARGET_NAME = WaterWave;
			};
			name = Release;
		};
/* End XCBuildConfiguration section */

/* Begin XCConfigurationList section */
		2C00B1331D3E11ED0031E217 /* Build configuration list for PBXProject "WaterWave" */ = {
			isa = XCConfigurationList;
			buildConfigurations = (
				2C00B1631D3E11ED0031E217 /* Debug */,
				2C00B1641D3E11ED0031E217 /* Release */,
			);
			defaultConfigurationIsVisible = 0;
			defaultConfigurationName = Release;
		};
		2C00B1651D3E11ED0031E217 /* Build configuration list for PBXNativeTarget "WaterWave" */ = {
			isa = XCConfigurationList;
			buildConfigurations = (
				2C00B1661D3E11ED0031E217 /* Debug */,
				2C00B1671D3E11ED0031E217 /* Release */,
			);
			defaultConfigurationIsVisible = 0;
			defaultConfigurationName = Release;
		};
		2C00B1681D3E11ED0031E217 /* Build configuration list for PBXNativeTarget "WaterWaveTests" */ = {
			isa = XCConfigurationList;
			buildConfigurations = (
				2C00B1691D3E11ED0031E217 /* Debug */,
				2C00B16A1D3E11ED0031E217 /* Release */,
			);
			defaultConfigurationIsVisible = 0;
			defaultConfigurationName = Release;
		};
		2C00B16B1D3E11ED0031E217 /* Build configuration list for PBXNativeTarget "WaterWaveUITests" */ = {
			isa = XCConfigurationList;
			buildConfigurations = (
				2C00B16C1D3E11ED0031E217 /* Debug */,
				2C00B16D1D3E11ED0031E217 /* Release */,
			);
			defaultConfigurationIsVisible = 0;
			defaultConfigurationName = Release;
		};
/* End XCConfigurationList section */
	};
	rootObject = 2C00B1301D3E11ED0031E217 /* Project object */;
}
